{
  "name": "enterprise_regression",
  "version": "1.0.0",
  "lockfileVersion": 2,
  "requires": true,
  "packages": {
    "": {
      "name": "enterprise_regression",
      "version": "1.0.0",
      "license": "ISC",
      "devDependencies": {
        "cypress": "npm:null@*"
      }
    },
    "node_modules/cypress": {
      "dev": true
    }
  },
  "dependencies": {
    "cypress": {
      "dev": true
    }
  }
}
